
Microsoft Visual Studio Solution File, Format Version 12.00
# Visual Studio Version 17
VisualStudioVersion = 17.0.31903.59
MinimumVisualStudioVersion = 10.0.40219.1
Project("{2150E333-8FDC-42A3-9474-1A3956D46DE8}") = "src", "src", "{827E0CD3-B72D-47B6-A68D-7590B98EB39B}"
EndProject
Project("{FAE04EC0-301F-11D3-BF4B-00C04F79EFBC}") = "Estrutura.Core", "src\Estrutura.Core\Estrutura.Core.csproj", "{9A23D07C-6ABD-4624-BE9A-3F41E65C1311}"
EndProject
Project("{FAE04EC0-301F-11D3-BF4B-00C04F79EFBC}") = "Estrutura.Tests", "src\Estrutura.Tests\Estrutura.Tests.csproj", "{F5260B5E-9643-465F-B024-BBF6BF2358CC}"
EndProject
Global
	GlobalSection(SolutionConfigurationPlatforms) = preSolution
		Debug|Any CPU = Debug|Any CPU
		Debug|x64 = Debug|x64
		Debug|x86 = Debug|x86
		Release|Any CPU = Release|Any CPU
		Release|x64 = Release|x64
		Release|x86 = Release|x86
	EndGlobalSection
	GlobalSection(ProjectConfigurationPlatforms) = postSolution
		{9A23D07C-6ABD-4624-BE9A-3F41E65C1311}.Debug|Any CPU.ActiveCfg = Debug|Any CPU
		{9A23D07C-6ABD-4624-BE9A-3F41E65C1311}.Debug|Any CPU.Build.0 = Debug|Any CPU
		{9A23D07C-6ABD-4624-BE9A-3F41E65C1311}.Debug|x64.ActiveCfg = Debug|Any CPU
		{9A23D07C-6ABD-4624-BE9A-3F41E65C1311}.Debug|x64.Build.0 = Debug|Any CPU
		{9A23D07C-6ABD-4624-BE9A-3F41E65C1311}.Debug|x86.ActiveCfg = Debug|Any CPU
		{9A23D07C-6ABD-4624-BE9A-3F41E65C1311}.Debug|x86.Build.0 = Debug|Any CPU
		{9A23D07C-6ABD-4624-BE9A-3F41E65C1311}.Release|Any CPU.ActiveCfg = Release|Any CPU
		{9A23D07C-6ABD-4624-BE9A-3F41E65C1311}.Release|Any CPU.Build.0 = Release|Any CPU
		{9A23D07C-6ABD-4624-BE9A-3F41E65C1311}.Release|x64.ActiveCfg = Release|Any CPU
		{9A23D07C-6ABD-4624-BE9A-3F41E65C1311}.Release|x64.Build.0 = Release|Any CPU
		{9A23D07C-6ABD-4624-BE9A-3F41E65C1311}.Release|x86.ActiveCfg = Release|Any CPU
		{9A23D07C-6ABD-4624-BE9A-3F41E65C1311}.Release|x86.Build.0 = Release|Any CPU
		{F5260B5E-9643-465F-B024-BBF6BF2358CC}.Debug|Any CPU.ActiveCfg = Debug|Any CPU
		{F5260B5E-9643-465F-B024-BBF6BF2358CC}.Debug|Any CPU.Build.0 = Debug|Any CPU
		{F5260B5E-9643-465F-B024-BBF6BF2358CC}.Debug|x64.ActiveCfg = Debug|Any CPU
		{F5260B5E-9643-465F-B024-BBF6BF2358CC}.Debug|x64.Build.0 = Debug|Any CPU
		{F5260B5E-9643-465F-B024-BBF6BF2358CC}.Debug|x86.ActiveCfg = Debug|Any CPU
		{F5260B5E-9643-465F-B024-BBF6BF2358CC}.Debug|x86.Build.0 = Debug|Any CPU
		{F5260B5E-9643-465F-B024-BBF6BF2358CC}.Release|Any CPU.ActiveCfg = Release|Any CPU
		{F5260B5E-9643-465F-B024-BBF6BF2358CC}.Release|Any CPU.Build.0 = Release|Any CPU
		{F5260B5E-9643-465F-B024-BBF6BF2358CC}.Release|x64.ActiveCfg = Release|Any CPU
		{F5260B5E-9643-465F-B024-BBF6BF2358CC}.Release|x64.Build.0 = Release|Any CPU
		{F5260B5E-9643-465F-B024-BBF6BF2358CC}.Release|x86.ActiveCfg = Release|Any CPU
		{F5260B5E-9643-465F-B024-BBF6BF2358CC}.Release|x86.Build.0 = Release|Any CPU
	EndGlobalSection
	GlobalSection(SolutionProperties) = preSolution
		HideSolutionNode = FALSE
	EndGlobalSection
	GlobalSection(NestedProjects) = preSolution
		{9A23D07C-6ABD-4624-BE9A-3F41E65C1311} = {827E0CD3-B72D-47B6-A68D-7590B98EB39B}
		{F5260B5E-9643-465F-B024-BBF6BF2358CC} = {827E0CD3-B72D-47B6-A68D-7590B98EB39B}
	EndGlobalSection
EndGlobal
